{
  "version": "5",
  "specifiers": {
    "jsr:@supabase/functions-js@*": "2.4.4"
  },
  "jsr": {
    "@supabase/functions-js@2.4.4": {
      "integrity": "38456509a6e22fb116b118464cbb36357256f9048d3580632b63af91f63769f7"
    }
  },
  "workspace": {
    "packageJson": {
      "dependencies": [
        "npm:@clerk/clerk-react@^5.22.12",
        "npm:@clerk/clerk-sdk-node@^5.1.6",
        "npm:@clerk/nextjs@^6.11.2",
        "npm:@convex-dev/action-retrier@0.2",
        "npm:@convex-dev/aggregate@~0.1.20",
        "npm:@convex-dev/migrations@~0.2.5",
        "npm:@eslint/eslintrc@3",
        "npm:@google-cloud/storage@^7.15.2",
        "npm:@headlessui/react@^2.2.0",
        "npm:@heroicons/react@^2.2.0",
        "npm:@hookform/resolvers@^4.1.3",
        "npm:@line/bot-sdk@^9.9.0",
        "npm:@line/liff@^2.26.0",
        "npm:@radix-ui/react-accordion@^1.2.3",
        "npm:@radix-ui/react-alert-dialog@^1.1.6",
        "npm:@radix-ui/react-avatar@^1.1.3",
        "npm:@radix-ui/react-checkbox@^1.1.4",
        "npm:@radix-ui/react-collapsible@^1.1.8",
        "npm:@radix-ui/react-dialog@^1.1.6",
        "npm:@radix-ui/react-dropdown-menu@^2.1.6",
        "npm:@radix-ui/react-label@^2.1.2",
        "npm:@radix-ui/react-popover@^1.1.6",
        "npm:@radix-ui/react-progress@^1.1.2",
        "npm:@radix-ui/react-scroll-area@^1.2.3",
        "npm:@radix-ui/react-select@^2.1.6",
        "npm:@radix-ui/react-separator@^1.1.2",
        "npm:@radix-ui/react-slider@^1.3.2",
        "npm:@radix-ui/react-slot@^1.1.2",
        "npm:@radix-ui/react-switch@^1.1.3",
        "npm:@radix-ui/react-tabs@^1.1.3",
        "npm:@radix-ui/react-toast@^1.2.6",
        "npm:@radix-ui/react-toggle-group@^1.1.2",
        "npm:@radix-ui/react-toggle@^1.1.2",
        "npm:@radix-ui/react-tooltip@^1.1.8",
        "npm:@sentry/nextjs@^9.6.1",
        "npm:@supabase/supabase-js@^2.49.4",
        "npm:@types/crypto-js@^4.2.2",
        "npm:@types/jest@^29.5.14",
        "npm:@types/js-cookie@^3.0.6",
        "npm:@types/jsonwebtoken@^9.0.9",
        "npm:@types/lodash-es@^4.17.12",
        "npm:@types/node@^20.17.47",
        "npm:@types/nodemailer@^6.4.17",
        "npm:@types/react-dom@19",
        "npm:@types/react@19",
        "npm:@types/sharp@0.32",
        "npm:bcryptjs@^3.0.2",
        "npm:browser-image-compression@^2.0.2",
        "npm:class-variance-authority@~0.7.1",
        "npm:clsx@^2.1.1",
        "npm:cmdk@^1.1.1",
        "npm:convex-helpers@~0.1.76",
        "npm:convex@^1.23.0",
        "npm:crypto-js@^4.2.0",
        "npm:date-fns@^4.1.0",
        "npm:dotenv@^16.4.7",
        "npm:embla-carousel-react@^8.6.0",
        "npm:eslint-config-next@15.1.3",
        "npm:eslint@9",
        "npm:framer-motion@^12.5.0",
        "npm:import-in-the-middle@^1.13.1",
        "npm:jest@^29.7.0",
        "npm:jose@^6.0.10",
        "npm:js-cookie@^3.0.5",
        "npm:jsonwebtoken@^9.0.2",
        "npm:jwt-decode@4",
        "npm:lodash-es@^4.17.21",
        "npm:lucide-react@0.483",
        "npm:next-themes@~0.4.6",
        "npm:next@15.1.3",
        "npm:nodemailer@^7.0.3",
        "npm:npm-run-all@^4.1.5",
        "npm:optional@~0.1.4",
        "npm:postcss@8",
        "npm:prettier@3.4.2",
        "npm:react-day-picker@8.10.1",
        "npm:react-dom@19",
        "npm:react-dropzone@^14.3.8",
        "npm:react-hook-form@^7.54.2",
        "npm:react@19",
        "npm:require-in-the-middle@^7.5.2",
        "npm:resend@^4.5.1",
        "npm:shadcn-ui@~0.9.5",
        "npm:sharp@0.33.5",
        "npm:sonner@^2.0.1",
        "npm:stripe@^17.7.0",
        "npm:supabase@^1.226.4",
        "npm:svix@^1.62.0",
        "npm:tailwind-merge@^3.0.2",
        "npm:tailwindcss-animate@^1.0.7",
        "npm:tailwindcss@^3.4.1",
        "npm:ts-jest@^29.1.2",
        "npm:ts-node@^10.9.2",
        "npm:typescript@5",
        "npm:use-debounce@^10.0.4",
        "npm:zod@^3.24.2"
      ]
    }
  }
}
